
Microsoft Visual Studio Solution File, Format Version 12.00
# Visual Studio Version 17
VisualStudioVersion = 17.0.31903.59
MinimumVisualStudioVersion = 10.0.40219.1
Project("{FAE04EC0-301F-11D3-BF4B-00C04F79EFBC}") = "ZiraatProje.DataAccess", "ZiraatProje.DataAccess\ZiraatProje.DataAccess.csproj", "{DDA0B627-D060-4990-9067-B1F4341E0D53}"
EndProject
Project("{FAE04EC0-301F-11D3-BF4B-00C04F79EFBC}") = "ZiraatProje.Business", "ZiraatProje.Business\ZiraatProje.Business.csproj", "{7F1BC4B3-BEAC-44DF-BE60-4E340CA88973}"
EndProject
Project("{FAE04EC0-301F-11D3-BF4B-00C04F79EFBC}") = "ZiraatProje.UI", "ZiraatProje.UI\ZiraatProje.UI.csproj", "{7093D13F-4239-4D70-9523-F31C9AE5443D}"
EndProject
Project("{FAE04EC0-301F-11D3-BF4B-00C04F79EFBC}") = "ZiraatProje.Tests", "ZiraatProje.Tests\ZiraatProje.Tests.csproj", "{51273BFF-A31B-45AB-921F-45DE127131D0}"
EndProject
Global
	GlobalSection(SolutionConfigurationPlatforms) = preSolution
		Debug|Any CPU = Debug|Any CPU
		Debug|x64 = Debug|x64
		Debug|x86 = Debug|x86
		Release|Any CPU = Release|Any CPU
		Release|x64 = Release|x64
		Release|x86 = Release|x86
	EndGlobalSection
	GlobalSection(ProjectConfigurationPlatforms) = postSolution
		{DDA0B627-D060-4990-9067-B1F4341E0D53}.Debug|Any CPU.ActiveCfg = Debug|Any CPU
		{DDA0B627-D060-4990-9067-B1F4341E0D53}.Debug|Any CPU.Build.0 = Debug|Any CPU
		{DDA0B627-D060-4990-9067-B1F4341E0D53}.Debug|x64.ActiveCfg = Debug|Any CPU
		{DDA0B627-D060-4990-9067-B1F4341E0D53}.Debug|x64.Build.0 = Debug|Any CPU
		{DDA0B627-D060-4990-9067-B1F4341E0D53}.Debug|x86.ActiveCfg = Debug|Any CPU
		{DDA0B627-D060-4990-9067-B1F4341E0D53}.Debug|x86.Build.0 = Debug|Any CPU
		{DDA0B627-D060-4990-9067-B1F4341E0D53}.Release|Any CPU.ActiveCfg = Release|Any CPU
		{DDA0B627-D060-4990-9067-B1F4341E0D53}.Release|Any CPU.Build.0 = Release|Any CPU
		{DDA0B627-D060-4990-9067-B1F4341E0D53}.Release|x64.ActiveCfg = Release|Any CPU
		{DDA0B627-D060-4990-9067-B1F4341E0D53}.Release|x64.Build.0 = Release|Any CPU
		{DDA0B627-D060-4990-9067-B1F4341E0D53}.Release|x86.ActiveCfg = Release|Any CPU
		{DDA0B627-D060-4990-9067-B1F4341E0D53}.Release|x86.Build.0 = Release|Any CPU
		{7F1BC4B3-BEAC-44DF-BE60-4E340CA88973}.Debug|Any CPU.ActiveCfg = Debug|Any CPU
		{7F1BC4B3-BEAC-44DF-BE60-4E340CA88973}.Debug|Any CPU.Build.0 = Debug|Any CPU
		{7F1BC4B3-BEAC-44DF-BE60-4E340CA88973}.Debug|x64.ActiveCfg = Debug|Any CPU
		{7F1BC4B3-BEAC-44DF-BE60-4E340CA88973}.Debug|x64.Build.0 = Debug|Any CPU
		{7F1BC4B3-BEAC-44DF-BE60-4E340CA88973}.Debug|x86.ActiveCfg = Debug|Any CPU
		{7F1BC4B3-BEAC-44DF-BE60-4E340CA88973}.Debug|x86.Build.0 = Debug|Any CPU
		{7F1BC4B3-BEAC-44DF-BE60-4E340CA88973}.Release|Any CPU.ActiveCfg = Release|Any CPU
		{7F1BC4B3-BEAC-44DF-BE60-4E340CA88973}.Release|Any CPU.Build.0 = Release|Any CPU
		{7F1BC4B3-BEAC-44DF-BE60-4E340CA88973}.Release|x64.ActiveCfg = Release|Any CPU
		{7F1BC4B3-BEAC-44DF-BE60-4E340CA88973}.Release|x64.Build.0 = Release|Any CPU
		{7F1BC4B3-BEAC-44DF-BE60-4E340CA88973}.Release|x86.ActiveCfg = Release|Any CPU
		{7F1BC4B3-BEAC-44DF-BE60-4E340CA88973}.Release|x86.Build.0 = Release|Any CPU
		{7093D13F-4239-4D70-9523-F31C9AE5443D}.Debug|Any CPU.ActiveCfg = Debug|Any CPU
		{7093D13F-4239-4D70-9523-F31C9AE5443D}.Debug|Any CPU.Build.0 = Debug|Any CPU
		{7093D13F-4239-4D70-9523-F31C9AE5443D}.Debug|x64.ActiveCfg = Debug|Any CPU
		{7093D13F-4239-4D70-9523-F31C9AE5443D}.Debug|x64.Build.0 = Debug|Any CPU
		{7093D13F-4239-4D70-9523-F31C9AE5443D}.Debug|x86.ActiveCfg = Debug|Any CPU
		{7093D13F-4239-4D70-9523-F31C9AE5443D}.Debug|x86.Build.0 = Debug|Any CPU
		{7093D13F-4239-4D70-9523-F31C9AE5443D}.Release|Any CPU.ActiveCfg = Release|Any CPU
		{7093D13F-4239-4D70-9523-F31C9AE5443D}.Release|Any CPU.Build.0 = Release|Any CPU
		{7093D13F-4239-4D70-9523-F31C9AE5443D}.Release|x64.ActiveCfg = Release|Any CPU
		{7093D13F-4239-4D70-9523-F31C9AE5443D}.Release|x64.Build.0 = Release|Any CPU
		{7093D13F-4239-4D70-9523-F31C9AE5443D}.Release|x86.ActiveCfg = Release|Any CPU
		{7093D13F-4239-4D70-9523-F31C9AE5443D}.Release|x86.Build.0 = Release|Any CPU
		{51273BFF-A31B-45AB-921F-45DE127131D0}.Debug|Any CPU.ActiveCfg = Debug|Any CPU
		{51273BFF-A31B-45AB-921F-45DE127131D0}.Debug|Any CPU.Build.0 = Debug|Any CPU
		{51273BFF-A31B-45AB-921F-45DE127131D0}.Debug|x64.ActiveCfg = Debug|Any CPU
		{51273BFF-A31B-45AB-921F-45DE127131D0}.Debug|x64.Build.0 = Debug|Any CPU
		{51273BFF-A31B-45AB-921F-45DE127131D0}.Debug|x86.ActiveCfg = Debug|Any CPU
		{51273BFF-A31B-45AB-921F-45DE127131D0}.Debug|x86.Build.0 = Debug|Any CPU
		{51273BFF-A31B-45AB-921F-45DE127131D0}.Release|Any CPU.ActiveCfg = Release|Any CPU
		{51273BFF-A31B-45AB-921F-45DE127131D0}.Release|Any CPU.Build.0 = Release|Any CPU
		{51273BFF-A31B-45AB-921F-45DE127131D0}.Release|x64.ActiveCfg = Release|Any CPU
		{51273BFF-A31B-45AB-921F-45DE127131D0}.Release|x64.Build.0 = Release|Any CPU
		{51273BFF-A31B-45AB-921F-45DE127131D0}.Release|x86.ActiveCfg = Release|Any CPU
		{51273BFF-A31B-45AB-921F-45DE127131D0}.Release|x86.Build.0 = Release|Any CPU
	EndGlobalSection
	GlobalSection(SolutionProperties) = preSolution
		HideSolutionNode = FALSE
	EndGlobalSection
EndGlobal
